{
  "name": "packwiz-extras-cli",
  "lockfileVersion": 3,
  "requires": true,
  "packages": {
    "": {
      "dependencies": {
        "commander": "^14.0.2",
        "confbox": "^0.2.2",
        "deno": "^2.5.6",
        "dotenv": "^17.2.3",
        "packwiz-extras-lib": "https://github.com/sugoidogo/packwiz-extras-lib/releases/download/2.1.0/packwiz-extras-lib.tgz"
      },
      "devDependencies": {
        "@types/node": "^24.10.1"
      }
    },
    "node_modules/@deno/darwin-arm64": {
      "version": "2.5.6",
      "resolved": "https://registry.npmjs.org/@deno/darwin-arm64/-/darwin-arm64-2.5.6.tgz",
      "integrity": "sha512-aQoAQSQdA8PVhS9ibx/vl1xtP0ngiZCD2tW/PqUd13fmwM12m3O2V8/oyMTzqXZtT/PnoiOtcqtujbF/yRUyVg==",
      "cpu": [
        "arm64"
      ],
      "license": "MIT",
      "optional": true,
      "os": [
        "darwin"
      ]
    },
    "node_modules/@deno/darwin-x64": {
      "version": "2.5.6",
      "resolved": "https://registry.npmjs.org/@deno/darwin-x64/-/darwin-x64-2.5.6.tgz",
      "integrity": "sha512-9GrCi8ga5mgYB1b/8Pj9vRF4VVNLTuzyVd6bL0vEKFBZ/w27cQj0oY2o60t8AUTpW8iXpJfXMDoY7j4yiK1Xug==",
      "cpu": [
        "x64"
      ],
      "license": "MIT",
      "optional": true,
      "os": [
        "darwin"
      ]
    },
    "node_modules/@deno/linux-arm64-glibc": {
      "version": "2.5.6",
      "resolved": "https://registry.npmjs.org/@deno/linux-arm64-glibc/-/linux-arm64-glibc-2.5.6.tgz",
      "integrity": "sha512-HiAHeFBmNRsJFulNMQ2LX3k+IvAIhGAo9JcW/0PwrNa3WbMql9wq37pOPp8DkW2VUTvghh3FZm6GUcryUml4bQ==",
      "cpu": [
        "arm64"
      ],
      "license": "MIT",
      "optional": true,
      "os": [
        "linux"
      ]
    },
    "node_modules/@deno/linux-x64-glibc": {
      "version": "2.5.6",
      "resolved": "https://registry.npmjs.org/@deno/linux-x64-glibc/-/linux-x64-glibc-2.5.6.tgz",
      "integrity": "sha512-aYct9Vp1RgKR2yW9hyWGTIL0EN0MgqaBuD0fbnQHygd4ftSfd/aWcBB3+n7OTUX/YNWSxYkOMLV1N8RWUCj4jw==",
      "cpu": [
        "x64"
      ],
      "license": "MIT",
      "optional": true,
      "os": [
        "linux"
      ]
    },
    "node_modules/@deno/win32-arm64": {
      "version": "2.5.6",
      "resolved": "https://registry.npmjs.org/@deno/win32-arm64/-/win32-arm64-2.5.6.tgz",
      "integrity": "sha512-HZq7gShjAehx1d2qg2cHRJJbxpbBk8kVmoPiZpILnN66XRwbNlWtrAUwsXNyHuBHcaT+7LgPTRUzX3KuDYXbwg==",
      "cpu": [
        "arm64"
      ],
      "license": "MIT",
      "optional": true,
      "os": [
        "win32"
      ]
    },
    "node_modules/@deno/win32-x64": {
      "version": "2.5.6",
      "resolved": "https://registry.npmjs.org/@deno/win32-x64/-/win32-x64-2.5.6.tgz",
      "integrity": "sha512-GRBl8+CQbNeTp9CrxbCuAuqxi592NZfac1AvDgFEPt8O9aZe/2k+y7AQwESJGxEvyJl1vw6UV24qdf9N7pCM9Q==",
      "cpu": [
        "x64"
      ],
      "license": "MIT",
      "optional": true,
      "os": [
        "win32"
      ]
    },
    "node_modules/@types/node": {
      "version": "24.10.1",
      "resolved": "https://registry.npmjs.org/@types/node/-/node-24.10.1.tgz",
      "integrity": "sha512-GNWcUTRBgIRJD5zj+Tq0fKOJ5XZajIiBroOF0yvj2bSU1WvNdYS/dn9UxwsujGW4JX06dnHyjV2y9rRaybH0iQ==",
      "dev": true,
      "license": "MIT",
      "dependencies": {
        "undici-types": "~7.16.0"
      }
    },
    "node_modules/commander": {
      "version": "14.0.2",
      "resolved": "https://registry.npmjs.org/commander/-/commander-14.0.2.tgz",
      "integrity": "sha512-TywoWNNRbhoD0BXs1P3ZEScW8W5iKrnbithIl0YH+uCmBd0QpPOA8yc82DS3BIE5Ma6FnBVUsJ7wVUDz4dvOWQ==",
      "license": "MIT",
      "engines": {
        "node": ">=20"
      }
    },
    "node_modules/confbox": {
      "version": "0.2.2",
      "resolved": "https://registry.npmjs.org/confbox/-/confbox-0.2.2.tgz",
      "integrity": "sha512-1NB+BKqhtNipMsov4xI/NnhCKp9XG9NamYp5PVm9klAT0fsrNPjaFICsCFhNhwZJKNh7zB/3q8qXz0E9oaMNtQ==",
      "license": "MIT"
    },
    "node_modules/deno": {
      "version": "2.5.6",
      "resolved": "https://registry.npmjs.org/deno/-/deno-2.5.6.tgz",
      "integrity": "sha512-SSe2gCf41A/uln54H7xdKZFtiDt+reBxYM4IaJLRH/NpEIE5T3VOcLSLHPaJzyiTvZe2xMz1QFcpg4cco5rNsA==",
      "hasInstallScript": true,
      "license": "MIT",
      "bin": {
        "deno": "bin.cjs"
      },
      "optionalDependencies": {
        "@deno/darwin-arm64": "2.5.6",
        "@deno/darwin-x64": "2.5.6",
        "@deno/linux-arm64-glibc": "2.5.6",
        "@deno/linux-x64-glibc": "2.5.6",
        "@deno/win32-arm64": "2.5.6",
        "@deno/win32-x64": "2.5.6"
      }
    },
    "node_modules/dotenv": {
      "version": "17.2.3",
      "resolved": "https://registry.npmjs.org/dotenv/-/dotenv-17.2.3.tgz",
      "integrity": "sha512-JVUnt+DUIzu87TABbhPmNfVdBDt18BLOWjMUFJMSi/Qqg7NTYtabbvSNJGOJ7afbRuv9D/lngizHtP7QyLQ+9w==",
      "license": "BSD-2-Clause",
      "engines": {
        "node": ">=12"
      },
      "funding": {
        "url": "https://dotenvx.com"
      }
    },
    "node_modules/murmur2": {
      "version": "1.0.2",
      "resolved": "https://registry.npmjs.org/murmur2/-/murmur2-1.0.2.tgz",
      "integrity": "sha512-r9dVsfnmykIYovQH9oP2JeZu5/DYa9rZpSQw2FWR/VDoI0oxm/u21NF46bFH5h+x2Xv4q5+jHzsX95N6m0UO3Q==",
      "license": "MIT"
    },
    "node_modules/packwiz-extras-lib": {
      "version": "2.1.0",
      "resolved": "https://github.com/sugoidogo/packwiz-extras-lib/releases/download/2.1.0/packwiz-extras-lib.tgz",
      "integrity": "sha512-mnP3x9TB/wN4a5Zs1l8pOBaBlr2B2spwHBdQ2vwrH+dMpzNb4Y/7LkzaBdQe8euQjBe2E9SmTyu71CPevmgeQQ==",
      "license": "LGPL-3.0-or-later",
      "dependencies": {
        "confbox": "^0.2.2",
        "murmur2": "^1.0.2",
        "workerless": "https://github.com/sugoidogo/workerless/releases/download/0.1.0/workerless.tgz"
      }
    },
    "node_modules/undici-types": {
      "version": "7.16.0",
      "resolved": "https://registry.npmjs.org/undici-types/-/undici-types-7.16.0.tgz",
      "integrity": "sha512-Zz+aZWSj8LE6zoxD+xrjh4VfkIG8Ya6LvYkZqtUQGJPZjYl53ypCaUwWqo7eI0x66KBGeRo+mlBEkMSeSZ38Nw==",
      "dev": true,
      "license": "MIT"
    },
    "node_modules/web-worker": {
      "version": "1.5.0",
      "resolved": "https://registry.npmjs.org/web-worker/-/web-worker-1.5.0.tgz",
      "integrity": "sha512-RiMReJrTAiA+mBjGONMnjVDP2u3p9R1vkcGz6gDIrOMT3oGuYwX2WRMYI9ipkphSuE5XKEhydbhNEJh4NY9mlw==",
      "license": "Apache-2.0"
    },
    "node_modules/workerless": {
      "version": "0.1.0",
      "resolved": "https://github.com/sugoidogo/workerless/releases/download/0.1.0/workerless.tgz",
      "integrity": "sha512-4fvxu+smJWC9QBYSblhv1HXOsHFopFa7D9SX4wfZv/FIUBIqbpHShooBT0PoKvtCdp68GF/ALrQ6yP32rTv5FQ==",
      "license": "LGPL-3.0-or-later",
      "dependencies": {
        "web-worker": "^1.5.0"
      }
    }
  }
}
